
Microsoft Visual Studio Solution File, Format Version 12.00
# Visual Studio Version 17
VisualStudioVersion = 17.10.34928.147
MinimumVisualStudioVersion = 10.0.40219.1
Project("{FAE04EC0-301F-11D3-BF4B-00C04F79EFBC}") = "blackjack", "blackjack\blackjack.csproj", "{228C73F4-4860-408E-9295-0D2E5B3BB657}"
EndProject
Global
	GlobalSection(SolutionConfigurationPlatforms) = preSolution
		Debug|Any CPU = Debug|Any CPU
		Release|Any CPU = Release|Any CPU
	EndGlobalSection
	GlobalSection(ProjectConfigurationPlatforms) = postSolution
		{228C73F4-4860-408E-9295-0D2E5B3BB657}.Debug|Any CPU.ActiveCfg = Debug|Any CPU
		{228C73F4-4860-408E-9295-0D2E5B3BB657}.Debug|Any CPU.Build.0 = Debug|Any CPU
		{228C73F4-4860-408E-9295-0D2E5B3BB657}.Release|Any CPU.ActiveCfg = Release|Any CPU
		{228C73F4-4860-408E-9295-0D2E5B3BB657}.Release|Any CPU.Build.0 = Release|Any CPU
	EndGlobalSection
	GlobalSection(SolutionProperties) = preSolution
		HideSolutionNode = FALSE
	EndGlobalSection
	GlobalSection(ExtensibilityGlobals) = postSolution
		SolutionGuid = {312C642F-B57A-4537-8AB3-95E282234C5B}
	EndGlobalSection
EndGlobal
